# THIS IS AN AUTOGENERATED FILE. DO NOT EDIT THIS FILE DIRECTLY.
# yarn lockfile v1


"@webcomponents/custom-elements@^1.4.3":
  version "1.4.3"
  resolved "https://registry.yarnpkg.com/@webcomponents/custom-elements/-/custom-elements-1.4.3.tgz#1800d49f38bb4425ebfd160b50115e62776109d7"
  integrity sha512-iD0YW46SreUQANGccywK/eC+gZELNHocZZrY2fGwrIlx/biQOTkAF9IohisibHbrmIHmA9pVCIdGwzfO+W0gig==
